# This file was autogenerated by Stack.
# You should not edit this file by hand.
# For more information, please see the documentation at:
#   https://docs.haskellstack.org/en/stable/lock_files

packages:
- completed:
    hackage: monad-primitive-0.1@sha256:dc0f6ccd61aab3a1782a12c7291b9b04f0eee0b3f5709ef53afda58784a89075,874
    pantry-tree:
      size: 287
      sha256: a4b14d3951c8e79aba5b9b395c187cce18e479d6aa71e4ebf01bd3eca6ed1212
  original:
    hackage: monad-primitive-0.1
- completed:
    hackage: mwc-random-monad-0.7.3.1@sha256:e86d25f8a9f8259ab503d3692a8a21c5aeeb1ecf973aa5e6e6118d1281fb313b,1201
    pantry-tree:
      size: 437
      sha256: e90fd0ad5a9e12547247bc5b8353716a3faad6950c5811548e5c84335dedf24b
  original:
    hackage: mwc-random-monad-0.7.3.1
- completed:
    hackage: blank-canvas-0.7@sha256:5161b0f68707ab11bb82de45bf744ef6a8f0aa057a1c7eeda4d66f9459875886,7885
    pantry-tree:
      size: 5101
      sha256: 363091be722b025fe8a76e789055ddbf592274c16b9236caa541361ad92ad70d
  original:
    hackage: blank-canvas-0.7
- completed:
    hackage: kansas-comet-0.4@sha256:31ef8fdb7ca66fbff292f9b30a4e13bce38b1ce94bc78e9cb0bcf3999178d2e2,1737
    pantry-tree:
      size: 383
      sha256: 2229d669ca7b215e2a6bd08219a61d780d792e0c5f998eb59821331ab85c3b2f
  original:
    hackage: kansas-comet-0.4
snapshots:
- completed:
    size: 488576
    url: https://raw.githubusercontent.com/commercialhaskell/stackage-snapshots/master/lts/15/0.yaml
    sha256: e4b6a87b47ec1cf63a7f1a0884a3b276fce2b0d174a10e8753c4f618e7983568
  original: lts-15.0
